
Microsoft Visual Studio Solution File, Format Version 12.00
# Visual Studio Version 17
VisualStudioVersion = 17.5.002.0
MinimumVisualStudioVersion = 10.0.40219.1
Project("{9A19103F-16F7-4668-BE54-9A1E7A4F7556}") = "QueryCollections", "QueryCollections\QueryCollections.csproj", "{18F8F597-8500-4E23-A57E-712411E8DE22}"
EndProject
Global
	GlobalSection(SolutionConfigurationPlatforms) = preSolution
		Debug|Any CPU = Debug|Any CPU
		Release|Any CPU = Release|Any CPU
	EndGlobalSection
	GlobalSection(ProjectConfigurationPlatforms) = postSolution
		{18F8F597-8500-4E23-A57E-712411E8DE22}.Debug|Any CPU.ActiveCfg = Debug|Any CPU
		{18F8F597-8500-4E23-A57E-712411E8DE22}.Debug|Any CPU.Build.0 = Debug|Any CPU
		{18F8F597-8500-4E23-A57E-712411E8DE22}.Release|Any CPU.ActiveCfg = Release|Any CPU
		{18F8F597-8500-4E23-A57E-712411E8DE22}.Release|Any CPU.Build.0 = Release|Any CPU
	EndGlobalSection
	GlobalSection(SolutionProperties) = preSolution
		HideSolutionNode = FALSE
	EndGlobalSection
	GlobalSection(ExtensibilityGlobals) = postSolution
		SolutionGuid = {79399C2F-F633-45FF-98FB-84D38D936C3F}
	EndGlobalSection
EndGlobal
