
Microsoft Visual Studio Solution File, Format Version 12.00
# Visual Studio Version 17
VisualStudioVersion = 17.5.002.0
MinimumVisualStudioVersion = 10.0.40219.1
Project("{9A19103F-16F7-4668-BE54-9A1E7A4F7556}") = "Generics", "Generics.csproj", "{53D58374-7737-473C-A452-014BC2B046BC}"
EndProject
Global
	GlobalSection(SolutionConfigurationPlatforms) = preSolution
		Debug|Any CPU = Debug|Any CPU
		Release|Any CPU = Release|Any CPU
	EndGlobalSection
	GlobalSection(ProjectConfigurationPlatforms) = postSolution
		{53D58374-7737-473C-A452-014BC2B046BC}.Debug|Any CPU.ActiveCfg = Debug|Any CPU
		{53D58374-7737-473C-A452-014BC2B046BC}.Debug|Any CPU.Build.0 = Debug|Any CPU
		{53D58374-7737-473C-A452-014BC2B046BC}.Release|Any CPU.ActiveCfg = Release|Any CPU
		{53D58374-7737-473C-A452-014BC2B046BC}.Release|Any CPU.Build.0 = Release|Any CPU
	EndGlobalSection
	GlobalSection(SolutionProperties) = preSolution
		HideSolutionNode = FALSE
	EndGlobalSection
	GlobalSection(ExtensibilityGlobals) = postSolution
		SolutionGuid = {00F5C016-8EEA-4D4D-8B6B-8D74CA9A956A}
	EndGlobalSection
EndGlobal
